
Microsoft Visual Studio Solution File, Format Version 12.00
# Visual Studio Version 16
VisualStudioVersion = 16.0.30114.105
MinimumVisualStudioVersion = 10.0.40219.1
Project("{8BC9CEB8-8B4A-11D0-8D11-00A0C91BC942}") = "ini-rw-test", "ini-rw-test.vcxproj", "{C666551A-4074-4EB8-AC1E-05D1E48B1EA5}"
EndProject
Project("{8BC9CEB8-8B4A-11D0-8D11-00A0C91BC942}") = "ini-rw", "..\ini-rw\ini-rw.vcxproj", "{9E873A61-621B-4377-A809-A5982D7C11E9}"
EndProject
Global
	GlobalSection(SolutionConfigurationPlatforms) = preSolution
		Debug|x64 = Debug|x64
		Debug|x86 = Debug|x86
		Release|x64 = Release|x64
		Release|x86 = Release|x86
	EndGlobalSection
	GlobalSection(ProjectConfigurationPlatforms) = postSolution
		{C666551A-4074-4EB8-AC1E-05D1E48B1EA5}.Debug|x64.ActiveCfg = Debug|x64
		{C666551A-4074-4EB8-AC1E-05D1E48B1EA5}.Debug|x64.Build.0 = Debug|x64
		{C666551A-4074-4EB8-AC1E-05D1E48B1EA5}.Debug|x86.ActiveCfg = Debug|Win32
		{C666551A-4074-4EB8-AC1E-05D1E48B1EA5}.Debug|x86.Build.0 = Debug|Win32
		{C666551A-4074-4EB8-AC1E-05D1E48B1EA5}.Release|x64.ActiveCfg = Release|x64
		{C666551A-4074-4EB8-AC1E-05D1E48B1EA5}.Release|x64.Build.0 = Release|x64
		{C666551A-4074-4EB8-AC1E-05D1E48B1EA5}.Release|x86.ActiveCfg = Release|Win32
		{C666551A-4074-4EB8-AC1E-05D1E48B1EA5}.Release|x86.Build.0 = Release|Win32
		{9E873A61-621B-4377-A809-A5982D7C11E9}.Debug|x64.ActiveCfg = Debug|x64
		{9E873A61-621B-4377-A809-A5982D7C11E9}.Debug|x64.Build.0 = Debug|x64
		{9E873A61-621B-4377-A809-A5982D7C11E9}.Debug|x86.ActiveCfg = Debug|Win32
		{9E873A61-621B-4377-A809-A5982D7C11E9}.Debug|x86.Build.0 = Debug|Win32
		{9E873A61-621B-4377-A809-A5982D7C11E9}.Release|x64.ActiveCfg = Release|x64
		{9E873A61-621B-4377-A809-A5982D7C11E9}.Release|x64.Build.0 = Release|x64
		{9E873A61-621B-4377-A809-A5982D7C11E9}.Release|x86.ActiveCfg = Release|Win32
		{9E873A61-621B-4377-A809-A5982D7C11E9}.Release|x86.Build.0 = Release|Win32
	EndGlobalSection
	GlobalSection(SolutionProperties) = preSolution
		HideSolutionNode = FALSE
	EndGlobalSection
	GlobalSection(ExtensibilityGlobals) = postSolution
		SolutionGuid = {31949465-3BE7-4BA1-9F77-5CB8E3EE6505}
	EndGlobalSection
EndGlobal
